
Microsoft Visual Studio Solution File, Format Version 12.00
# Visual Studio Version 17
VisualStudioVersion = 17.4.33213.308
MinimumVisualStudioVersion = 10.0.40219.1
Project("{FAE04EC0-301F-11D3-BF4B-00C04F79EFBC}") = "PROYECTO_COSMETICOS", "PROYECTO_COSMETICOS\PROYECTO_COSMETICOS.csproj", "{222D3CB2-2225-4BE7-9C2D-3C5514C74E77}"
EndProject
Project("{2150E333-8FDC-42A3-9474-1A3956D46DE8}") = "CAPA 1", "CAPA 1", "{92FC12BB-AF21-4365-B2CE-31AF2FFADAA1}"
EndProject
Project("{2150E333-8FDC-42A3-9474-1A3956D46DE8}") = "CAPA 2", "CAPA 2", "{5C6BEDD3-660E-47F2-9808-8EAD4068A721}"
EndProject
Project("{2150E333-8FDC-42A3-9474-1A3956D46DE8}") = "CAPA 3", "CAPA 3", "{E1A0B43E-9FC6-4A24-BC0D-DC5BE9DAE4FD}"
EndProject
Project("{2150E333-8FDC-42A3-9474-1A3956D46DE8}") = "CAPA 4", "CAPA 4", "{1C125A16-1DBC-48F5-94FA-645519BFA330}"
EndProject
Project("{FAE04EC0-301F-11D3-BF4B-00C04F79EFBC}") = "BLL", "..\PRACTICA2023\BLL\BLL.csproj", "{505AD3C6-FC4B-4655-9677-93C57692A00C}"
EndProject
Project("{FAE04EC0-301F-11D3-BF4B-00C04F79EFBC}") = "BOL", "..\PRACTICA2023\BOL\BOL.csproj", "{FAEB72FF-732E-4005-8FD0-0D8799EA38B9}"
EndProject
Project("{FAE04EC0-301F-11D3-BF4B-00C04F79EFBC}") = "DAL", "..\PRACTICA2023\DAL\DAL.csproj", "{6B7A566D-2F58-4D4F-9122-F1204216BF43}"
EndProject
Global
	GlobalSection(SolutionConfigurationPlatforms) = preSolution
		Debug|Any CPU = Debug|Any CPU
		Release|Any CPU = Release|Any CPU
	EndGlobalSection
	GlobalSection(ProjectConfigurationPlatforms) = postSolution
		{222D3CB2-2225-4BE7-9C2D-3C5514C74E77}.Debug|Any CPU.ActiveCfg = Debug|Any CPU
		{222D3CB2-2225-4BE7-9C2D-3C5514C74E77}.Debug|Any CPU.Build.0 = Debug|Any CPU
		{222D3CB2-2225-4BE7-9C2D-3C5514C74E77}.Release|Any CPU.ActiveCfg = Release|Any CPU
		{222D3CB2-2225-4BE7-9C2D-3C5514C74E77}.Release|Any CPU.Build.0 = Release|Any CPU
		{505AD3C6-FC4B-4655-9677-93C57692A00C}.Debug|Any CPU.ActiveCfg = Debug|Any CPU
		{505AD3C6-FC4B-4655-9677-93C57692A00C}.Debug|Any CPU.Build.0 = Debug|Any CPU
		{505AD3C6-FC4B-4655-9677-93C57692A00C}.Release|Any CPU.ActiveCfg = Release|Any CPU
		{505AD3C6-FC4B-4655-9677-93C57692A00C}.Release|Any CPU.Build.0 = Release|Any CPU
		{FAEB72FF-732E-4005-8FD0-0D8799EA38B9}.Debug|Any CPU.ActiveCfg = Debug|Any CPU
		{FAEB72FF-732E-4005-8FD0-0D8799EA38B9}.Debug|Any CPU.Build.0 = Debug|Any CPU
		{FAEB72FF-732E-4005-8FD0-0D8799EA38B9}.Release|Any CPU.ActiveCfg = Release|Any CPU
		{FAEB72FF-732E-4005-8FD0-0D8799EA38B9}.Release|Any CPU.Build.0 = Release|Any CPU
		{6B7A566D-2F58-4D4F-9122-F1204216BF43}.Debug|Any CPU.ActiveCfg = Debug|Any CPU
		{6B7A566D-2F58-4D4F-9122-F1204216BF43}.Debug|Any CPU.Build.0 = Debug|Any CPU
		{6B7A566D-2F58-4D4F-9122-F1204216BF43}.Release|Any CPU.ActiveCfg = Release|Any CPU
		{6B7A566D-2F58-4D4F-9122-F1204216BF43}.Release|Any CPU.Build.0 = Release|Any CPU
	EndGlobalSection
	GlobalSection(SolutionProperties) = preSolution
		HideSolutionNode = FALSE
	EndGlobalSection
	GlobalSection(NestedProjects) = preSolution
		{222D3CB2-2225-4BE7-9C2D-3C5514C74E77} = {92FC12BB-AF21-4365-B2CE-31AF2FFADAA1}
		{505AD3C6-FC4B-4655-9677-93C57692A00C} = {5C6BEDD3-660E-47F2-9808-8EAD4068A721}
		{FAEB72FF-732E-4005-8FD0-0D8799EA38B9} = {E1A0B43E-9FC6-4A24-BC0D-DC5BE9DAE4FD}
		{6B7A566D-2F58-4D4F-9122-F1204216BF43} = {1C125A16-1DBC-48F5-94FA-645519BFA330}
	EndGlobalSection
	GlobalSection(ExtensibilityGlobals) = postSolution
		SolutionGuid = {0D923514-CD16-4127-A796-7F77089A77FE}
	EndGlobalSection
EndGlobal
